
Microsoft Visual Studio Solution File, Format Version 12.00
# Visual Studio 15
VisualStudioVersion = 15.0.27130.2024
MinimumVisualStudioVersion = 10.0.40219.1
Project("{FAE04EC0-301F-11D3-BF4B-00C04F79EFBC}") = "mstc", "mstc\mstc.csproj", "{24A32443-1C9E-4EDD-B316-45E773DD5E4D}"
EndProject
Global
	GlobalSection(SolutionConfigurationPlatforms) = preSolution
		Debug|Any CPU = Debug|Any CPU
		Release|Any CPU = Release|Any CPU
	EndGlobalSection
	GlobalSection(ProjectConfigurationPlatforms) = postSolution
		{24A32443-1C9E-4EDD-B316-45E773DD5E4D}.Debug|Any CPU.ActiveCfg = Debug|Any CPU
		{24A32443-1C9E-4EDD-B316-45E773DD5E4D}.Debug|Any CPU.Build.0 = Debug|Any CPU
		{24A32443-1C9E-4EDD-B316-45E773DD5E4D}.Release|Any CPU.ActiveCfg = Release|Any CPU
		{24A32443-1C9E-4EDD-B316-45E773DD5E4D}.Release|Any CPU.Build.0 = Release|Any CPU
	EndGlobalSection
	GlobalSection(SolutionProperties) = preSolution
		HideSolutionNode = FALSE
	EndGlobalSection
	GlobalSection(ExtensibilityGlobals) = postSolution
		SolutionGuid = {7641BEA2-850D-4DCC-8682-0A928EC86F1A}
	EndGlobalSection
EndGlobal
